
Microsoft Visual Studio Solution File, Format Version 12.00
# Visual Studio 14
VisualStudioVersion = 14.0.23107.0
MinimumVisualStudioVersion = 10.0.40219.1
Project("{FAE04EC0-301F-11D3-BF4B-00C04F79EFBC}") = "IO", "IO\IO.csproj", "{D6A80349-0812-469A-8B57-1E5F1C1DFA4A}"
EndProject
Project("{FAE04EC0-301F-11D3-BF4B-00C04F79EFBC}") = "IO.Tests", "IO.Tests\IO.Tests.csproj", "{EB30D6A4-8C34-47C1-ACC0-0AB2F376D271}"
EndProject
Project("{FAE04EC0-301F-11D3-BF4B-00C04F79EFBC}") = "IO.Platforms.Windows", "IO.Platforms.Windows\IO.Platforms.Windows.csproj", "{16924D43-68C4-42B0-8C38-050BE84A8334}"
EndProject
Project("{FAE04EC0-301F-11D3-BF4B-00C04F79EFBC}") = "IO.Platforms.Windows.Tests", "IO.Platforms.Windows.Tests\IO.Platforms.Windows.Tests.csproj", "{589A332A-BD7B-4FA0-AB8E-19594B35B3FB}"
EndProject
Project("{2150E333-8FDC-42A3-9474-1A3956D46DE8}") = "Examples", "Examples", "{8686904B-41CA-42B1-8007-1FD8511767F9}"
EndProject
Project("{FAE04EC0-301F-11D3-BF4B-00C04F79EFBC}") = "WpfExample", "WpfExample\WpfExample.csproj", "{88D6FAE3-4395-4244-BDC4-ACD78FD30CBB}"
EndProject
Global
	GlobalSection(SolutionConfigurationPlatforms) = preSolution
		Debug|Any CPU = Debug|Any CPU
		Release|Any CPU = Release|Any CPU
	EndGlobalSection
	GlobalSection(ProjectConfigurationPlatforms) = postSolution
		{D6A80349-0812-469A-8B57-1E5F1C1DFA4A}.Debug|Any CPU.ActiveCfg = Debug|Any CPU
		{D6A80349-0812-469A-8B57-1E5F1C1DFA4A}.Debug|Any CPU.Build.0 = Debug|Any CPU
		{D6A80349-0812-469A-8B57-1E5F1C1DFA4A}.Release|Any CPU.ActiveCfg = Release|Any CPU
		{D6A80349-0812-469A-8B57-1E5F1C1DFA4A}.Release|Any CPU.Build.0 = Release|Any CPU
		{EB30D6A4-8C34-47C1-ACC0-0AB2F376D271}.Debug|Any CPU.ActiveCfg = Debug|Any CPU
		{EB30D6A4-8C34-47C1-ACC0-0AB2F376D271}.Debug|Any CPU.Build.0 = Debug|Any CPU
		{EB30D6A4-8C34-47C1-ACC0-0AB2F376D271}.Release|Any CPU.ActiveCfg = Release|Any CPU
		{EB30D6A4-8C34-47C1-ACC0-0AB2F376D271}.Release|Any CPU.Build.0 = Release|Any CPU
		{16924D43-68C4-42B0-8C38-050BE84A8334}.Debug|Any CPU.ActiveCfg = Debug|Any CPU
		{16924D43-68C4-42B0-8C38-050BE84A8334}.Debug|Any CPU.Build.0 = Debug|Any CPU
		{16924D43-68C4-42B0-8C38-050BE84A8334}.Release|Any CPU.ActiveCfg = Release|Any CPU
		{16924D43-68C4-42B0-8C38-050BE84A8334}.Release|Any CPU.Build.0 = Release|Any CPU
		{589A332A-BD7B-4FA0-AB8E-19594B35B3FB}.Debug|Any CPU.ActiveCfg = Debug|Any CPU
		{589A332A-BD7B-4FA0-AB8E-19594B35B3FB}.Debug|Any CPU.Build.0 = Debug|Any CPU
		{589A332A-BD7B-4FA0-AB8E-19594B35B3FB}.Release|Any CPU.ActiveCfg = Release|Any CPU
		{589A332A-BD7B-4FA0-AB8E-19594B35B3FB}.Release|Any CPU.Build.0 = Release|Any CPU
		{88D6FAE3-4395-4244-BDC4-ACD78FD30CBB}.Debug|Any CPU.ActiveCfg = Debug|Any CPU
		{88D6FAE3-4395-4244-BDC4-ACD78FD30CBB}.Debug|Any CPU.Build.0 = Debug|Any CPU
		{88D6FAE3-4395-4244-BDC4-ACD78FD30CBB}.Release|Any CPU.ActiveCfg = Release|Any CPU
		{88D6FAE3-4395-4244-BDC4-ACD78FD30CBB}.Release|Any CPU.Build.0 = Release|Any CPU
	EndGlobalSection
	GlobalSection(SolutionProperties) = preSolution
		HideSolutionNode = FALSE
	EndGlobalSection
	GlobalSection(NestedProjects) = preSolution
		{88D6FAE3-4395-4244-BDC4-ACD78FD30CBB} = {8686904B-41CA-42B1-8007-1FD8511767F9}
	EndGlobalSection
EndGlobal
